
Microsoft Visual Studio Solution File, Format Version 12.00
# Visual Studio Version 16
VisualStudioVersion = 16.0.31911.196
MinimumVisualStudioVersion = 10.0.40219.1
Project("{FAE04EC0-301F-11D3-BF4B-00C04F79EFBC}") = "VinteR", "VinteR.csproj", "{B0D2D7E9-2B86-4F02-AABC-32137A86D52F}"
EndProject
Global
	GlobalSection(SolutionConfigurationPlatforms) = preSolution
		Debug|x64 = Debug|x64
		Release|x64 = Release|x64
	EndGlobalSection
	GlobalSection(ProjectConfigurationPlatforms) = postSolution
		{B0D2D7E9-2B86-4F02-AABC-32137A86D52F}.Debug|x64.ActiveCfg = Debug|x64
		{B0D2D7E9-2B86-4F02-AABC-32137A86D52F}.Debug|x64.Build.0 = Debug|x64
		{B0D2D7E9-2B86-4F02-AABC-32137A86D52F}.Release|x64.ActiveCfg = Release|x64
		{B0D2D7E9-2B86-4F02-AABC-32137A86D52F}.Release|x64.Build.0 = Release|x64
	EndGlobalSection
	GlobalSection(SolutionProperties) = preSolution
		HideSolutionNode = FALSE
	EndGlobalSection
	GlobalSection(ExtensibilityGlobals) = postSolution
		SolutionGuid = {25E7668A-0E9E-4780-A423-50D06B75AFF3}
	EndGlobalSection
EndGlobal
